
Microsoft Visual Studio Solution File, Format Version 12.00
# Visual Studio Version 17
VisualStudioVersion = 17.5.33516.290
MinimumVisualStudioVersion = 10.0.40219.1
Project("{FAE04EC0-301F-11D3-BF4B-00C04F79EFBC}") = "inheritance", "inheritance\inheritance.csproj", "{ABC61CD5-6AE7-4190-AE89-B9CD7E5A08A8}"
EndProject
Global
	GlobalSection(SolutionConfigurationPlatforms) = preSolution
		Debug|Any CPU = Debug|Any CPU
		Release|Any CPU = Release|Any CPU
	EndGlobalSection
	GlobalSection(ProjectConfigurationPlatforms) = postSolution
		{ABC61CD5-6AE7-4190-AE89-B9CD7E5A08A8}.Debug|Any CPU.ActiveCfg = Debug|Any CPU
		{ABC61CD5-6AE7-4190-AE89-B9CD7E5A08A8}.Debug|Any CPU.Build.0 = Debug|Any CPU
		{ABC61CD5-6AE7-4190-AE89-B9CD7E5A08A8}.Release|Any CPU.ActiveCfg = Release|Any CPU
		{ABC61CD5-6AE7-4190-AE89-B9CD7E5A08A8}.Release|Any CPU.Build.0 = Release|Any CPU
	EndGlobalSection
	GlobalSection(SolutionProperties) = preSolution
		HideSolutionNode = FALSE
	EndGlobalSection
	GlobalSection(ExtensibilityGlobals) = postSolution
		SolutionGuid = {1D7A14C1-BE8F-4C97-9E11-FC70D74AD69A}
	EndGlobalSection
EndGlobal
